{
    "_meta": {
        "hash": {
            "sha256": "11b62dc3c7db0c6d6534aa7746224e68620cc928fad50e2dd4194d5582ab0862"
        },
        "pipfile-spec": 6,
        "requires": {
            "python_version": "3.7"
        },
        "sources": [
            {
                "name": "pypi",
                "url": "https://pypi.org/simple",
                "verify_ssl": true
            }
        ]
    },
    "default": {
        "asgiref": {
            "hashes": [
                "sha256:48afe222aefece5814ae90aae394964eada5a4604e67f9397f7858e8957e9fdf",
                "sha256:60c783a7994246b2e710aa2f0a2f7fcfacf156cffc7b50f7074bfd97c9046db3"
            ],
            "index": "pypi",
            "version": "==3.1.2"
        },
        "async-timeout": {
            "hashes": [
                "sha256:0c3c816a028d47f659d6ff5c745cb2acf1f966da1fe5c19c77a70282b25f4c5f",
                "sha256:4291ca197d287d274d0b6cb5d6f8f8f82d434ed288f962539ff18cc9012f9ea3"
            ],
            "version": "==3.0.1"
        },
        "h11": {
            "hashes": [
                "sha256:33d4bca7be0fa039f4e84d50ab00531047e53d6ee8ffbc83501ea602c169cae1",
                "sha256:4bc6d6a1238b7615b266ada57e0618568066f57dd6fa967d1290ec9309b2f2f1"
            ],
            "index": "pypi",
            "version": "==0.9.0"
        },
        "passenger-asgi": {
            "editable": true,
            "path": "."
        },
        "setproctitle": {
            "hashes": [
                "sha256:6283b7a58477dd8478fbb9e76defb37968ee4ba47b05ec1c053cb39638bd7398",
                "sha256:6a035eddac62898786aed2c2eee7334c28cfc8106e8eb29fdd117cac56c6cdf0"
            ],
            "index": "pypi",
            "version": "==1.1.10"
        },
        "wsproto": {
            "hashes": [
                "sha256:2b870f5b5b4a6d23dce080a4ee1cbb119b2378f82593bd6d66ae2cbd72a7c0ad",
                "sha256:ed222c812aaea55d72d18a87df429cfd602e15b6c992a07a53b495858f083a14"
            ],
            "index": "pypi",
            "version": "==0.14.1"
        }
    },
    "develop": {}
}
